
Microsoft Visual Studio Solution File, Format Version 12.00
Project("{FAE04EC0-301F-11D3-BF4B-00C04F79EFBC}") = "TD_mare_final", "TD_mare_final\TD_mare_final.csproj", "{BE7AB033-CA0D-40F0-857B-051E86619293}"
EndProject
Global
	GlobalSection(SolutionConfigurationPlatforms) = preSolution
		Debug|Any CPU = Debug|Any CPU
		Release|Any CPU = Release|Any CPU
	EndGlobalSection
	GlobalSection(ProjectConfigurationPlatforms) = postSolution
		{BE7AB033-CA0D-40F0-857B-051E86619293}.Debug|Any CPU.ActiveCfg = Debug|Any CPU
		{BE7AB033-CA0D-40F0-857B-051E86619293}.Debug|Any CPU.Build.0 = Debug|Any CPU
		{BE7AB033-CA0D-40F0-857B-051E86619293}.Release|Any CPU.ActiveCfg = Release|Any CPU
		{BE7AB033-CA0D-40F0-857B-051E86619293}.Release|Any CPU.Build.0 = Release|Any CPU
	EndGlobalSection
EndGlobal
